// !$*UTF8*$!
{
	archiveVersion = 1;
	classes = {
	};
	objectVersion = 56;
	objects = {

/* Begin PBXBuildFile section */
		09DA78B7297583EE0046690F /* AppDelegate.swift in Sources */ = {isa = PBXBuildFile; fileRef = 09DA78B6297583EE0046690F /* AppDelegate.swift */; };
		09DA78B9297583EE0046690F /* SceneDelegate.swift in Sources */ = {isa = PBXBuildFile; fileRef = 09DA78B8297583EE0046690F /* SceneDelegate.swift */; };
		09DA78BB297583EE0046690F /* MovieViewController.swift in Sources */ = {isa = PBXBuildFile; fileRef = 09DA78BA297583EE0046690F /* MovieViewController.swift */; };
		09DA78BE297583EE0046690F /* Main.storyboard in Resources */ = {isa = PBXBuildFile; fileRef = 09DA78BC297583EE0046690F /* Main.storyboard */; };
		09DA78C0297583EF0046690F /* Assets.xcassets in Resources */ = {isa = PBXBuildFile; fileRef = 09DA78BF297583EF0046690F /* Assets.xcassets */; };
		09DA78C3297583EF0046690F /* LaunchScreen.storyboard in Resources */ = {isa = PBXBuildFile; fileRef = 09DA78C1297583EF0046690F /* LaunchScreen.storyboard */; };
		09DA78D62976AA8F0046690F /* API.swift in Sources */ = {isa = PBXBuildFile; fileRef = 09DA78D52976AA8F0046690F /* API.swift */; };
		09DA78D92976AAEB0046690F /* MovieAPI.swift in Sources */ = {isa = PBXBuildFile; fileRef = 09DA78D82976AAEB0046690F /* MovieAPI.swift */; };
		09DA78DC2976ABC10046690F /* EndPointType.swift in Sources */ = {isa = PBXBuildFile; fileRef = 09DA78DB2976ABC10046690F /* EndPointType.swift */; };
		09F706882976B2DA0063BC71 /* Movie.swift in Sources */ = {isa = PBXBuildFile; fileRef = 09F706872976B2DA0063BC71 /* Movie.swift */; };
		09F7068A2976B9060063BC71 /* MovieViewModel.swift in Sources */ = {isa = PBXBuildFile; fileRef = 09F706892976B9060063BC71 /* MovieViewModel.swift */; };
		09F7068C2976B96E0063BC71 /* MovieDetailResault.swift in Sources */ = {isa = PBXBuildFile; fileRef = 09F7068B2976B96E0063BC71 /* MovieDetailResault.swift */; };
		09F7068E2976CBCC0063BC71 /* APIResault.swift in Sources */ = {isa = PBXBuildFile; fileRef = 09F7068D2976CBCC0063BC71 /* APIResault.swift */; };
		09F706902976DAD50063BC71 /* MovieTableViewCell.swift in Sources */ = {isa = PBXBuildFile; fileRef = 09F7068F2976DAD50063BC71 /* MovieTableViewCell.swift */; };
		A4AB675F2211DBBA3FED383C /* Pods_ios_test_Natife.framework in Frameworks */ = {isa = PBXBuildFile; fileRef = D81C13D70C26ED974F6557A1 /* Pods_ios_test_Natife.framework */; };
/* End PBXBuildFile section */

/* Begin PBXFileReference section */
		09DA78B3297583EE0046690F /* ios_test_Natife.app */ = {isa = PBXFileReference; explicitFileType = wrapper.application; includeInIndex = 0; path = ios_test_Natife.app; sourceTree = BUILT_PRODUCTS_DIR; };
		09DA78B6297583EE0046690F /* AppDelegate.swift */ = {isa = PBXFileReference; lastKnownFileType = sourcecode.swift; path = AppDelegate.swift; sourceTree = "<group>"; };
		09DA78B8297583EE0046690F /* SceneDelegate.swift */ = {isa = PBXFileReference; lastKnownFileType = sourcecode.swift; path = SceneDelegate.swift; sourceTree = "<group>"; };
		09DA78BA297583EE0046690F /* MovieViewController.swift */ = {isa = PBXFileReference; lastKnownFileType = sourcecode.swift; path = MovieViewController.swift; sourceTree = "<group>"; };
		09DA78BD297583EE0046690F /* Base */ = {isa = PBXFileReference; lastKnownFileType = file.storyboard; name = Base; path = Base.lproj/Main.storyboard; sourceTree = "<group>"; };
		09DA78BF297583EF0046690F /* Assets.xcassets */ = {isa = PBXFileReference; lastKnownFileType = folder.assetcatalog; path = Assets.xcassets; sourceTree = "<group>"; };
		09DA78C2297583EF0046690F /* Base */ = {isa = PBXFileReference; lastKnownFileType = file.storyboard; name = Base; path = Base.lproj/LaunchScreen.storyboard; sourceTree = "<group>"; };
		09DA78C4297583EF0046690F /* Info.plist */ = {isa = PBXFileReference; lastKnownFileType = text.plist.xml; path = Info.plist; sourceTree = "<group>"; };
		09DA78D52976AA8F0046690F /* API.swift */ = {isa = PBXFileReference; lastKnownFileType = sourcecode.swift; path = API.swift; sourceTree = "<group>"; };
		09DA78D82976AAEB0046690F /* MovieAPI.swift */ = {isa = PBXFileReference; lastKnownFileType = sourcecode.swift; path = MovieAPI.swift; sourceTree = "<group>"; };
		09DA78DB2976ABC10046690F /* EndPointType.swift */ = {isa = PBXFileReference; lastKnownFileType = sourcecode.swift; path = EndPointType.swift; sourceTree = "<group>"; };
		09F706872976B2DA0063BC71 /* Movie.swift */ = {isa = PBXFileReference; lastKnownFileType = sourcecode.swift; path = Movie.swift; sourceTree = "<group>"; };
		09F706892976B9060063BC71 /* MovieViewModel.swift */ = {isa = PBXFileReference; lastKnownFileType = sourcecode.swift; path = MovieViewModel.swift; sourceTree = "<group>"; };
		09F7068B2976B96E0063BC71 /* MovieDetailResault.swift */ = {isa = PBXFileReference; lastKnownFileType = sourcecode.swift; path = MovieDetailResault.swift; sourceTree = "<group>"; };
		09F7068D2976CBCC0063BC71 /* APIResault.swift */ = {isa = PBXFileReference; lastKnownFileType = sourcecode.swift; path = APIResault.swift; sourceTree = "<group>"; };
		09F7068F2976DAD50063BC71 /* MovieTableViewCell.swift */ = {isa = PBXFileReference; lastKnownFileType = sourcecode.swift; path = MovieTableViewCell.swift; sourceTree = "<group>"; };
		214D6A99EF1ED9A120E792D1 /* Pods-ios_test_Natife.debug.xcconfig */ = {isa = PBXFileReference; includeInIndex = 1; lastKnownFileType = text.xcconfig; name = "Pods-ios_test_Natife.debug.xcconfig"; path = "Target Support Files/Pods-ios_test_Natife/Pods-ios_test_Natife.debug.xcconfig"; sourceTree = "<group>"; };
		77B0325E7155546D23DC3A83 /* Pods-ios_test_Natife.release.xcconfig */ = {isa = PBXFileReference; includeInIndex = 1; lastKnownFileType = text.xcconfig; name = "Pods-ios_test_Natife.release.xcconfig"; path = "Target Support Files/Pods-ios_test_Natife/Pods-ios_test_Natife.release.xcconfig"; sourceTree = "<group>"; };
		D81C13D70C26ED974F6557A1 /* Pods_ios_test_Natife.framework */ = {isa = PBXFileReference; explicitFileType = wrapper.framework; includeInIndex = 0; path = Pods_ios_test_Natife.framework; sourceTree = BUILT_PRODUCTS_DIR; };
/* End PBXFileReference section */

/* Begin PBXFrameworksBuildPhase section */
		09DA78B0297583EE0046690F /* Frameworks */ = {
			isa = PBXFrameworksBuildPhase;
			buildActionMask = 2147483647;
			files = (
				A4AB675F2211DBBA3FED383C /* Pods_ios_test_Natife.framework in Frameworks */,
			);
			runOnlyForDeploymentPostprocessing = 0;
		};
/* End PBXFrameworksBuildPhase section */

/* Begin PBXGroup section */
		09DA78AA297583EE0046690F = {
			isa = PBXGroup;
			children = (
				09DA78B5297583EE0046690F /* ios_test_Natife */,
				09DA78B4297583EE0046690F /* Products */,
				A25FA05F9FA76D7C8446DEEE /* Pods */,
				EF4057361A2226A650E79611 /* Frameworks */,
			);
			sourceTree = "<group>";
		};
		09DA78B4297583EE0046690F /* Products */ = {
			isa = PBXGroup;
			children = (
				09DA78B3297583EE0046690F /* ios_test_Natife.app */,
			);
			name = Products;
			sourceTree = "<group>";
		};
		09DA78B5297583EE0046690F /* ios_test_Natife */ = {
			isa = PBXGroup;
			children = (
				09DA78CC2975F67D0046690F /* Resources */,
				09DA78CA2975F66F0046690F /* Sources */,
				09DA78CD2975F6B20046690F /* SupportingFiles */,
			);
			path = ios_test_Natife;
			sourceTree = "<group>";
		};
		09DA78CA2975F66F0046690F /* Sources */ = {
			isa = PBXGroup;
			children = (
				09DA78CE29769E1C0046690F /* App */,
				09DA78D229769F760046690F /* ViewModel */,
				09DA78D129769F6E0046690F /* Model */,
				09DA78D329769F860046690F /* ViewControllers */,
				09DA78D429769F9B0046690F /* Views */,
				09DA78D029769EFC0046690F /* Network */,
			);
			path = Sources;
			sourceTree = "<group>";
		};
		09DA78CC2975F67D0046690F /* Resources */ = {
			isa = PBXGroup;
			children = (
				09DA78CF29769E3A0046690F /* Storyboards */,
				09DA78BF297583EF0046690F /* Assets.xcassets */,
			);
			path = Resources;
			sourceTree = "<group>";
		};
		09DA78CD2975F6B20046690F /* SupportingFiles */ = {
			isa = PBXGroup;
			children = (
				09DA78C4297583EF0046690F /* Info.plist */,
			);
			path = SupportingFiles;
			sourceTree = "<group>";
		};
		09DA78CE29769E1C0046690F /* App */ = {
			isa = PBXGroup;
			children = (
				09DA78B6297583EE0046690F /* AppDelegate.swift */,
				09DA78B8297583EE0046690F /* SceneDelegate.swift */,
			);
			path = App;
			sourceTree = "<group>";
		};
		09DA78CF29769E3A0046690F /* Storyboards */ = {
			isa = PBXGroup;
			children = (
				09DA78BC297583EE0046690F /* Main.storyboard */,
				09DA78C1297583EF0046690F /* LaunchScreen.storyboard */,
			);
			path = Storyboards;
			sourceTree = "<group>";
		};
		09DA78D029769EFC0046690F /* Network */ = {
			isa = PBXGroup;
			children = (
				09DA78DA2976ABB50046690F /* Networking */,
				09DA78D72976AAD50046690F /* Movie */,
				09DA78D52976AA8F0046690F /* API.swift */,
			);
			path = Network;
			sourceTree = "<group>";
		};
		09DA78D129769F6E0046690F /* Model */ = {
			isa = PBXGroup;
			children = (
				09F706872976B2DA0063BC71 /* Movie.swift */,
				09F7068B2976B96E0063BC71 /* MovieDetailResault.swift */,
				09F7068D2976CBCC0063BC71 /* APIResault.swift */,
			);
			path = Model;
			sourceTree = "<group>";
		};
		09DA78D229769F760046690F /* ViewModel */ = {
			isa = PBXGroup;
			children = (
				09F706892976B9060063BC71 /* MovieViewModel.swift */,
			);
			path = ViewModel;
			sourceTree = "<group>";
		};
		09DA78D329769F860046690F /* ViewControllers */ = {
			isa = PBXGroup;
			children = (
				09DA78BA297583EE0046690F /* MovieViewController.swift */,
			);
			path = ViewControllers;
			sourceTree = "<group>";
		};
		09DA78D429769F9B0046690F /* Views */ = {
			isa = PBXGroup;
			children = (
				09F7068F2976DAD50063BC71 /* MovieTableViewCell.swift */,
			);
			path = Views;
			sourceTree = "<group>";
		};
		09DA78D72976AAD50046690F /* Movie */ = {
			isa = PBXGroup;
			children = (
				09DA78D82976AAEB0046690F /* MovieAPI.swift */,
			);
			path = Movie;
			sourceTree = "<group>";
		};
		09DA78DA2976ABB50046690F /* Networking */ = {
			isa = PBXGroup;
			children = (
				09DA78DB2976ABC10046690F /* EndPointType.swift */,
			);
			path = Networking;
			sourceTree = "<group>";
		};
		A25FA05F9FA76D7C8446DEEE /* Pods */ = {
			isa = PBXGroup;
			children = (
				214D6A99EF1ED9A120E792D1 /* Pods-ios_test_Natife.debug.xcconfig */,
				77B0325E7155546D23DC3A83 /* Pods-ios_test_Natife.release.xcconfig */,
			);
			path = Pods;
			sourceTree = "<group>";
		};
		EF4057361A2226A650E79611 /* Frameworks */ = {
			isa = PBXGroup;
			children = (
				D81C13D70C26ED974F6557A1 /* Pods_ios_test_Natife.framework */,
			);
			name = Frameworks;
			sourceTree = "<group>";
		};
/* End PBXGroup section */

/* Begin PBXNativeTarget section */
		09DA78B2297583EE0046690F /* ios_test_Natife */ = {
			isa = PBXNativeTarget;
			buildConfigurationList = 09DA78C7297583EF0046690F /* Build configuration list for PBXNativeTarget "ios_test_Natife" */;
			buildPhases = (
				A19575D7FAA0DFB01AB12522 /* [CP] Check Pods Manifest.lock */,
				09DA78AF297583EE0046690F /* Sources */,
				09DA78B0297583EE0046690F /* Frameworks */,
				09DA78B1297583EE0046690F /* Resources */,
				886B086A3CD041D5ABB3AF49 /* [CP] Embed Pods Frameworks */,
			);
			buildRules = (
			);
			dependencies = (
			);
			name = ios_test_Natife;
			productName = ios_test_Natife;
			productReference = 09DA78B3297583EE0046690F /* ios_test_Natife.app */;
			productType = "com.apple.product-type.application";
		};
/* End PBXNativeTarget section */

/* Begin PBXProject section */
		09DA78AB297583EE0046690F /* Project object */ = {
			isa = PBXProject;
			attributes = {
				BuildIndependentTargetsInParallel = 1;
				LastSwiftUpdateCheck = 1400;
				LastUpgradeCheck = 1400;
				TargetAttributes = {
					09DA78B2297583EE0046690F = {
						CreatedOnToolsVersion = 14.0.1;
					};
				};
			};
			buildConfigurationList = 09DA78AE297583EE0046690F /* Build configuration list for PBXProject "ios_test_Natife" */;
			compatibilityVersion = "Xcode 14.0";
			developmentRegion = en;
			hasScannedForEncodings = 0;
			knownRegions = (
				en,
				Base,
			);
			mainGroup = 09DA78AA297583EE0046690F;
			productRefGroup = 09DA78B4297583EE0046690F /* Products */;
			projectDirPath = "";
			projectRoot = "";
			targets = (
				09DA78B2297583EE0046690F /* ios_test_Natife */,
			);
		};
/* End PBXProject section */

/* Begin PBXResourcesBuildPhase section */
		09DA78B1297583EE0046690F /* Resources */ = {
			isa = PBXResourcesBuildPhase;
			buildActionMask = 2147483647;
			files = (
				09DA78C3297583EF0046690F /* LaunchScreen.storyboard in Resources */,
				09DA78C0297583EF0046690F /* Assets.xcassets in Resources */,
				09DA78BE297583EE0046690F /* Main.storyboard in Resources */,
			);
			runOnlyForDeploymentPostprocessing = 0;
		};
/* End PBXResourcesBuildPhase section */

/* Begin PBXShellScriptBuildPhase section */
		886B086A3CD041D5ABB3AF49 /* [CP] Embed Pods Frameworks */ = {
			isa = PBXShellScriptBuildPhase;
			buildActionMask = 2147483647;
			files = (
			);
			inputFileListPaths = (
				"${PODS_ROOT}/Target Support Files/Pods-ios_test_Natife/Pods-ios_test_Natife-frameworks-${CONFIGURATION}-input-files.xcfilelist",
			);
			name = "[CP] Embed Pods Frameworks";
			outputFileListPaths = (
				"${PODS_ROOT}/Target Support Files/Pods-ios_test_Natife/Pods-ios_test_Natife-frameworks-${CONFIGURATION}-output-files.xcfilelist",
			);
			runOnlyForDeploymentPostprocessing = 0;
			shellPath = /bin/sh;
			shellScript = "\"${PODS_ROOT}/Target Support Files/Pods-ios_test_Natife/Pods-ios_test_Natife-frameworks.sh\"\n";
			showEnvVarsInLog = 0;
		};
		A19575D7FAA0DFB01AB12522 /* [CP] Check Pods Manifest.lock */ = {
			isa = PBXShellScriptBuildPhase;
			buildActionMask = 2147483647;
			files = (
			);
			inputFileListPaths = (
			);
			inputPaths = (
				"${PODS_PODFILE_DIR_PATH}/Podfile.lock",
				"${PODS_ROOT}/Manifest.lock",
			);
			name = "[CP] Check Pods Manifest.lock";
			outputFileListPaths = (
			);
			outputPaths = (
				"$(DERIVED_FILE_DIR)/Pods-ios_test_Natife-checkManifestLockResult.txt",
			);
			runOnlyForDeploymentPostprocessing = 0;
			shellPath = /bin/sh;
			shellScript = "diff \"${PODS_PODFILE_DIR_PATH}/Podfile.lock\" \"${PODS_ROOT}/Manifest.lock\" > /dev/null\nif [ $? != 0 ] ; then\n    # print error to STDERR\n    echo \"error: The sandbox is not in sync with the Podfile.lock. Run 'pod install' or update your CocoaPods installation.\" >&2\n    exit 1\nfi\n# This output is used by Xcode 'outputs' to avoid re-running this script phase.\necho \"SUCCESS\" > \"${SCRIPT_OUTPUT_FILE_0}\"\n";
			showEnvVarsInLog = 0;
		};
/* End PBXShellScriptBuildPhase section */

/* Begin PBXSourcesBuildPhase section */
		09DA78AF297583EE0046690F /* Sources */ = {
			isa = PBXSourcesBuildPhase;
			buildActionMask = 2147483647;
			files = (
				09F706882976B2DA0063BC71 /* Movie.swift in Sources */,
				09F7068E2976CBCC0063BC71 /* APIResault.swift in Sources */,
				09DA78BB297583EE0046690F /* MovieViewController.swift in Sources */,
				09DA78B7297583EE0046690F /* AppDelegate.swift in Sources */,
				09F7068C2976B96E0063BC71 /* MovieDetailResault.swift in Sources */,
				09F7068A2976B9060063BC71 /* MovieViewModel.swift in Sources */,
				09DA78DC2976ABC10046690F /* EndPointType.swift in Sources */,
				09DA78D62976AA8F0046690F /* API.swift in Sources */,
				09DA78B9297583EE0046690F /* SceneDelegate.swift in Sources */,
				09F706902976DAD50063BC71 /* MovieTableViewCell.swift in Sources */,
				09DA78D92976AAEB0046690F /* MovieAPI.swift in Sources */,
			);
			runOnlyForDeploymentPostprocessing = 0;
		};
/* End PBXSourcesBuildPhase section */

/* Begin PBXVariantGroup section */
		09DA78BC297583EE0046690F /* Main.storyboard */ = {
			isa = PBXVariantGroup;
			children = (
				09DA78BD297583EE0046690F /* Base */,
			);
			name = Main.storyboard;
			sourceTree = "<group>";
		};
		09DA78C1297583EF0046690F /* LaunchScreen.storyboard */ = {
			isa = PBXVariantGroup;
			children = (
				09DA78C2297583EF0046690F /* Base */,
			);
			name = LaunchScreen.storyboard;
			sourceTree = "<group>";
		};
/* End PBXVariantGroup section */

/* Begin XCBuildConfiguration section */
		09DA78C5297583EF0046690F /* Debug */ = {
			isa = XCBuildConfiguration;
			buildSettings = {
				ALWAYS_SEARCH_USER_PATHS = NO;
				CLANG_ANALYZER_NONNULL = YES;
				CLANG_ANALYZER_NUMBER_OBJECT_CONVERSION = YES_AGGRESSIVE;
				CLANG_CXX_LANGUAGE_STANDARD = "gnu++20";
				CLANG_ENABLE_MODULES = YES;
				CLANG_ENABLE_OBJC_ARC = YES;
				CLANG_ENABLE_OBJC_WEAK = YES;
				CLANG_WARN_BLOCK_CAPTURE_AUTORELEASING = YES;
				CLANG_WARN_BOOL_CONVERSION = YES;
				CLANG_WARN_COMMA = YES;
				CLANG_WARN_CONSTANT_CONVERSION = YES;
				CLANG_WARN_DEPRECATED_OBJC_IMPLEMENTATIONS = YES;
				CLANG_WARN_DIRECT_OBJC_ISA_USAGE = YES_ERROR;
				CLANG_WARN_DOCUMENTATION_COMMENTS = YES;
				CLANG_WARN_EMPTY_BODY = YES;
				CLANG_WARN_ENUM_CONVERSION = YES;
				CLANG_WARN_INFINITE_RECURSION = YES;
				CLANG_WARN_INT_CONVERSION = YES;
				CLANG_WARN_NON_LITERAL_NULL_CONVERSION = YES;
				CLANG_WARN_OBJC_IMPLICIT_RETAIN_SELF = YES;
				CLANG_WARN_OBJC_LITERAL_CONVERSION = YES;
				CLANG_WARN_OBJC_ROOT_CLASS = YES_ERROR;
				CLANG_WARN_QUOTED_INCLUDE_IN_FRAMEWORK_HEADER = YES;
				CLANG_WARN_RANGE_LOOP_ANALYSIS = YES;
				CLANG_WARN_STRICT_PROTOTYPES = YES;
				CLANG_WARN_SUSPICIOUS_MOVE = YES;
				CLANG_WARN_UNGUARDED_AVAILABILITY = YES_AGGRESSIVE;
				CLANG_WARN_UNREACHABLE_CODE = YES;
				CLANG_WARN__DUPLICATE_METHOD_MATCH = YES;
				COPY_PHASE_STRIP = NO;
				DEBUG_INFORMATION_FORMAT = dwarf;
				ENABLE_STRICT_OBJC_MSGSEND = YES;
				ENABLE_TESTABILITY = YES;
				GCC_C_LANGUAGE_STANDARD = gnu11;
				GCC_DYNAMIC_NO_PIC = NO;
				GCC_NO_COMMON_BLOCKS = YES;
				GCC_OPTIMIZATION_LEVEL = 0;
				GCC_PREPROCESSOR_DEFINITIONS = (
					"DEBUG=1",
					"$(inherited)",
				);
				GCC_WARN_64_TO_32_BIT_CONVERSION = YES;
				GCC_WARN_ABOUT_RETURN_TYPE = YES_ERROR;
				GCC_WARN_UNDECLARED_SELECTOR = YES;
				GCC_WARN_UNINITIALIZED_AUTOS = YES_AGGRESSIVE;
				GCC_WARN_UNUSED_FUNCTION = YES;
				GCC_WARN_UNUSED_VARIABLE = YES;
				INFOPLIST_FILE = "";
				IPHONEOS_DEPLOYMENT_TARGET = 14.0;
				MTL_ENABLE_DEBUG_INFO = INCLUDE_SOURCE;
				MTL_FAST_MATH = YES;
				ONLY_ACTIVE_ARCH = YES;
				SDKROOT = iphoneos;
				SWIFT_ACTIVE_COMPILATION_CONDITIONS = DEBUG;
				SWIFT_OPTIMIZATION_LEVEL = "-Onone";
			};
			name = Debug;
		};
		09DA78C6297583EF0046690F /* Release */ = {
			isa = XCBuildConfiguration;
			buildSettings = {
				ALWAYS_SEARCH_USER_PATHS = NO;
				CLANG_ANALYZER_NONNULL = YES;
				CLANG_ANALYZER_NUMBER_OBJECT_CONVERSION = YES_AGGRESSIVE;
				CLANG_CXX_LANGUAGE_STANDARD = "gnu++20";
				CLANG_ENABLE_MODULES = YES;
				CLANG_ENABLE_OBJC_ARC = YES;
				CLANG_ENABLE_OBJC_WEAK = YES;
				CLANG_WARN_BLOCK_CAPTURE_AUTORELEASING = YES;
				CLANG_WARN_BOOL_CONVERSION = YES;
				CLANG_WARN_COMMA = YES;
				CLANG_WARN_CONSTANT_CONVERSION = YES;
				CLANG_WARN_DEPRECATED_OBJC_IMPLEMENTATIONS = YES;
				CLANG_WARN_DIRECT_OBJC_ISA_USAGE = YES_ERROR;
				CLANG_WARN_DOCUMENTATION_COMMENTS = YES;
				CLANG_WARN_EMPTY_BODY = YES;
				CLANG_WARN_ENUM_CONVERSION = YES;
				CLANG_WARN_INFINITE_RECURSION = YES;
				CLANG_WARN_INT_CONVERSION = YES;
				CLANG_WARN_NON_LITERAL_NULL_CONVERSION = YES;
				CLANG_WARN_OBJC_IMPLICIT_RETAIN_SELF = YES;
				CLANG_WARN_OBJC_LITERAL_CONVERSION = YES;
				CLANG_WARN_OBJC_ROOT_CLASS = YES_ERROR;
				CLANG_WARN_QUOTED_INCLUDE_IN_FRAMEWORK_HEADER = YES;
				CLANG_WARN_RANGE_LOOP_ANALYSIS = YES;
				CLANG_WARN_STRICT_PROTOTYPES = YES;
				CLANG_WARN_SUSPICIOUS_MOVE = YES;
				CLANG_WARN_UNGUARDED_AVAILABILITY = YES_AGGRESSIVE;
				CLANG_WARN_UNREACHABLE_CODE = YES;
				CLANG_WARN__DUPLICATE_METHOD_MATCH = YES;
				COPY_PHASE_STRIP = NO;
				DEBUG_INFORMATION_FORMAT = "dwarf-with-dsym";
				ENABLE_NS_ASSERTIONS = NO;
				ENABLE_STRICT_OBJC_MSGSEND = YES;
				GCC_C_LANGUAGE_STANDARD = gnu11;
				GCC_NO_COMMON_BLOCKS = YES;
				GCC_WARN_64_TO_32_BIT_CONVERSION = YES;
				GCC_WARN_ABOUT_RETURN_TYPE = YES_ERROR;
				GCC_WARN_UNDECLARED_SELECTOR = YES;
				GCC_WARN_UNINITIALIZED_AUTOS = YES_AGGRESSIVE;
				GCC_WARN_UNUSED_FUNCTION = YES;
				GCC_WARN_UNUSED_VARIABLE = YES;
				INFOPLIST_FILE = "";
				IPHONEOS_DEPLOYMENT_TARGET = 14.0;
				MTL_ENABLE_DEBUG_INFO = NO;
				MTL_FAST_MATH = YES;
				SDKROOT = iphoneos;
				SWIFT_COMPILATION_MODE = wholemodule;
				SWIFT_OPTIMIZATION_LEVEL = "-O";
				VALIDATE_PRODUCT = YES;
			};
			name = Release;
		};
		09DA78C8297583EF0046690F /* Debug */ = {
			isa = XCBuildConfiguration;
			baseConfigurationReference = 214D6A99EF1ED9A120E792D1 /* Pods-ios_test_Natife.debug.xcconfig */;
			buildSettings = {
				ASSETCATALOG_COMPILER_APPICON_NAME = AppIcon;
				ASSETCATALOG_COMPILER_GLOBAL_ACCENT_COLOR_NAME = AccentColor;
				CODE_SIGN_STYLE = Automatic;
				CURRENT_PROJECT_VERSION = 1;
				GENERATE_INFOPLIST_FILE = YES;
				INFOPLIST_FILE = ios_test_Natife/SupportingFiles/Info.plist;
				INFOPLIST_KEY_UIApplicationSupportsIndirectInputEvents = YES;
				INFOPLIST_KEY_UILaunchStoryboardName = LaunchScreen;
				INFOPLIST_KEY_UIMainStoryboardFile = Main;
				INFOPLIST_KEY_UISupportedInterfaceOrientations_iPad = "UIInterfaceOrientationPortrait UIInterfaceOrientationPortraitUpsideDown UIInterfaceOrientationLandscapeLeft UIInterfaceOrientationLandscapeRight";
				INFOPLIST_KEY_UISupportedInterfaceOrientations_iPhone = "UIInterfaceOrientationPortrait UIInterfaceOrientationLandscapeLeft UIInterfaceOrientationLandscapeRight";
				IPHONEOS_DEPLOYMENT_TARGET = 14.0;
				LD_RUNPATH_SEARCH_PATHS = (
					"$(inherited)",
					"@executable_path/Frameworks",
				);
				MARKETING_VERSION = 1.0;
				PRODUCT_BUNDLE_IDENTIFIER = "com.boldyrev.ios-test-Natife";
				PRODUCT_NAME = "$(TARGET_NAME)";
				SUPPORTED_PLATFORMS = "iphoneos iphonesimulator";
				SUPPORTS_MACCATALYST = NO;
				SUPPORTS_MAC_DESIGNED_FOR_IPHONE_IPAD = NO;
				SWIFT_EMIT_LOC_STRINGS = YES;
				SWIFT_VERSION = 5.0;
				TARGETED_DEVICE_FAMILY = 1;
			};
			name = Debug;
		};
		09DA78C9297583EF0046690F /* Release */ = {
			isa = XCBuildConfiguration;
			baseConfigurationReference = 77B0325E7155546D23DC3A83 /* Pods-ios_test_Natife.release.xcconfig */;
			buildSettings = {
				ASSETCATALOG_COMPILER_APPICON_NAME = AppIcon;
				ASSETCATALOG_COMPILER_GLOBAL_ACCENT_COLOR_NAME = AccentColor;
				CODE_SIGN_STYLE = Automatic;
				CURRENT_PROJECT_VERSION = 1;
				GENERATE_INFOPLIST_FILE = YES;
				INFOPLIST_FILE = ios_test_Natife/SupportingFiles/Info.plist;
				INFOPLIST_KEY_UIApplicationSupportsIndirectInputEvents = YES;
				INFOPLIST_KEY_UILaunchStoryboardName = LaunchScreen;
				INFOPLIST_KEY_UIMainStoryboardFile = Main;
				INFOPLIST_KEY_UISupportedInterfaceOrientations_iPad = "UIInterfaceOrientationPortrait UIInterfaceOrientationPortraitUpsideDown UIInterfaceOrientationLandscapeLeft UIInterfaceOrientationLandscapeRight";
				INFOPLIST_KEY_UISupportedInterfaceOrientations_iPhone = "UIInterfaceOrientationPortrait UIInterfaceOrientationLandscapeLeft UIInterfaceOrientationLandscapeRight";
				IPHONEOS_DEPLOYMENT_TARGET = 14.0;
				LD_RUNPATH_SEARCH_PATHS = (
					"$(inherited)",
					"@executable_path/Frameworks",
				);
				MARKETING_VERSION = 1.0;
				PRODUCT_BUNDLE_IDENTIFIER = "com.boldyrev.ios-test-Natife";
				PRODUCT_NAME = "$(TARGET_NAME)";
				SUPPORTED_PLATFORMS = "iphoneos iphonesimulator";
				SUPPORTS_MACCATALYST = NO;
				SUPPORTS_MAC_DESIGNED_FOR_IPHONE_IPAD = NO;
				SWIFT_EMIT_LOC_STRINGS = YES;
				SWIFT_VERSION = 5.0;
				TARGETED_DEVICE_FAMILY = 1;
			};
			name = Release;
		};
/* End XCBuildConfiguration section */

/* Begin XCConfigurationList section */
		09DA78AE297583EE0046690F /* Build configuration list for PBXProject "ios_test_Natife" */ = {
			isa = XCConfigurationList;
			buildConfigurations = (
				09DA78C5297583EF0046690F /* Debug */,
				09DA78C6297583EF0046690F /* Release */,
			);
			defaultConfigurationIsVisible = 0;
			defaultConfigurationName = Release;
		};
		09DA78C7297583EF0046690F /* Build configuration list for PBXNativeTarget "ios_test_Natife" */ = {
			isa = XCConfigurationList;
			buildConfigurations = (
				09DA78C8297583EF0046690F /* Debug */,
				09DA78C9297583EF0046690F /* Release */,
			);
			defaultConfigurationIsVisible = 0;
			defaultConfigurationName = Release;
		};
/* End XCConfigurationList section */
	};
	rootObject = 09DA78AB297583EE0046690F /* Project object */;
}
